github.com/cespare/xxhash/v2 v2.3.0 h1:UL815xU9SqsFlibzuggzjXhog7bL6oX9BbNZnL2UFvs=
github.com/cespare/xxhash/v2 v2.3.0/go.mod h1:VGX0DQ3Q6kWi7AoAeZDth3/j3BFtOZR5XLFGgcrjCOs=
github.com/go-logr/logr v1.4.3 h1:CjnDlHq8ikf6E492q6eKboGOC0T8CDaOvkHCIg8idEI=
github.com/go-logr/logr v1.4.3/go.mod h1:9T104GzyrTigFIr8wt5mBrctHMim0Nb2HLGrmQ40KvY=
github.com/go-logr/stdr v1.2.2 h1:hSWxHoqTgW2S2qGc0LTAI563KZ5YKYRhT3MFKZMbjag=
github.com/go-logr/stdr v1.2.2/go.mod h1:mMo/vtBO5dYbehREoey6XUKy/eSumjCCveDpRre4VKE=
github.com/golang/protobuf v1.5.4 h1:i7eJL8qZTpSEXOPTxNKhASYpMn+8e5Q6AdndVa1dWek=
github.com/golang/protobuf v1.5.4/go.mod h1:lnTiLA8Wa4RWRcIUkrtSVa5nRhsEGBg48fD6rSs7xps=
github.com/google/go-cmp v0.7.0 h1:wk8382ETsv4JYUZwIsn6YpYiWiBsYLSJiTsyBybVuN8=
github.com/google/go-cmp v0.7.0/go.mod h1:pXiqmnSA92OHEEa9HXL2W4E7lf9JzCmGVUdgjX3N/iU=
github.com/google/uuid v1.6.0 h1:NIvaJDMOsjHA8n1jAhLSgzrAzy1Hgr+hNrb57e+94F0=
github.com/google/uuid v1.6.0/go.mod h1:TIyPZe4MgqvfeYDBFedMoGGpEw/LqOeaOT+nhxU+yHo=
github.com/openconfig/containerz v0.0.0-20260609094458-c9bc884e5638 h1:K50t2Wr8ZbB/GoghkuaZivNLJsAbLlxghCu2BW6KnPE=
github.com/openconfig/containerz v0.0.0-20260609094458-c9bc884e5638/go.mod h1:0UWlwaeM4mOWNO93e43iiCfSUBwTjo25y8UOYqI1pzE=
github.com/openconfig/gnoi v0.8.1-0.20260605115014-b2cfe7eb5610 h1:OnTkZ3SbRPXivWhAK91ZwqII2mZ3avYwPJX8IggZ92E=
github.com/openconfig/gnoi v0.8.1-0.20260605115014-b2cfe7eb5610/go.mod h1:GqajKbjzHpOg3fm+Cv2XR89rLeysWt3nRcOXJf1nKhI=
go.opentelemetry.io/auto/sdk v1.2.1 h1:jXsnJ4Lmnqd11kwkBV2LgLoFMZKizbCi5fNZ/ipaZ64=
go.opentelemetry.io/auto/sdk v1.2.1/go.mod h1:KRTj+aOaElaLi+wW1kO/DZRXwkF4C5xPbEe3ZiIhN7Y=
go.opentelemetry.io/otel v1.41.0 h1:YlEwVsGAlCvczDILpUXpIpPSL/VPugt7zHThEMLce1c=
go.opentelemetry.io/otel v1.41.0/go.mod h1:Yt4UwgEKeT05QbLwbyHXEwhnjxNO6D8L5PQP51/46dE=
go.opentelemetry.io/otel/metric v1.41.0 h1:rFnDcs4gRzBcsO9tS8LCpgR0dxg4aaxWlJxCno7JlTQ=
go.opentelemetry.io/otel/metric v1.41.0/go.mod h1:xPvCwd9pU0VN8tPZYzDZV/BMj9CM9vs00GuBjeKhJps=
go.opentelemetry.io/otel/sdk v1.39.0 h1:nMLYcjVsvdui1B/4FRkwjzoRVsMK8uL/cj0OyhKzt18=
go.opentelemetry.io/otel/sdk v1.39.0/go.mod h1:vDojkC4/jsTJsE+kh+LXYQlbL8CgrEcwmt1ENZszdJE=
go.opentelemetry.io/otel/sdk/metric v1.39.0 h1:cXMVVFVgsIf2YL6QkRF4Urbr/aMInf+2WKg+sEJTtB8=
go.opentelemetry.io/otel/sdk/metric v1.39.0/go.mod h1:xq9HEVH7qeX69/JnwEfp6fVq5wosJsY1mt4lLfYdVew=
go.opentelemetry.io/otel/trace v1.41.0 h1:Vbk2co6bhj8L59ZJ6/xFTskY+tGAbOnCtQGVVa9TIN0=
go.opentelemetry.io/otel/trace v1.41.0/go.mod h1:U1NU4ULCoxeDKc09yCWdWe+3QoyweJcISEVa1RBzOis=
golang.org/x/net v0.48.0 h1:zyQRTTrjc33Lhh0fBgT/H3oZq9WuvRR5gPC70xpDiQU=
golang.org/x/net v0.48.0/go.mod h1:+ndRgGjkh8FGtu1w1FGbEC31if4VrNVMuKTgcAAnQRY=
golang.org/x/sys v0.47.0 h1:o7XGOvZQCADBQQ4Y7VNq2dRWQR7JmOUW8Kxx4ZsNgWs=
golang.org/x/sys v0.47.0/go.mod h1:4GL1E5IUh+htKOUEOaiffhrAeqysfVGipDYzABqnCmw=
golang.org/x/text v0.32.0 h1:ZD01bjUt1FQ9WJ0ClOL5vxgxOI/sVCNgX1YtKwcY0mU=
golang.org/x/text v0.32.0/go.mod h1:o/rUWzghvpD5TXrTIBuJU77MTaN0ljMWE47kxGJQ7jY=
gonum.org/v1/gonum v0.16.0 h1:5+ul4Swaf3ESvrOnidPp4GZbzf0mxVQpDCYUQE7OJfk=
gonum.org/v1/gonum v0.16.0/go.mod h1:fef3am4MQ93R2HHpKnLk4/Tbh/s0+wqD5nfa6Pnwy4E=
google.golang.org/genproto/googleapis/rpc v0.0.0-20251202230838-ff82c1b0f217 h1:gRkg/vSppuSQoDjxyiGfN4Upv/h/DQmIR10ZU8dh4Ww=
google.golang.org/genproto/googleapis/rpc v0.0.0-20251202230838-ff82c1b0f217/go.mod h1:7i2o+ce6H/6BluujYR+kqX3GKH+dChPTQU19wjRPiGk=
google.golang.org/grpc v1.79.1 h1:zGhSi45ODB9/p3VAawt9a+O/MULLl9dpizzNNpq7flY=
google.golang.org/grpc v1.79.1/go.mod h1:KmT0Kjez+0dde/v2j9vzwoAScgEPx/Bw1CYChhHLrHQ=
google.golang.org/protobuf v1.36.11 h1:fV6ZwhNocDyBLK0dj+fg8ektcVegBBuEolpbTQyBNVE=
google.golang.org/protobuf v1.36.11/go.mod h1:HTf+CrKn2C3g5S8VImy6tdcUvCska2kB7j23XfzDpco=
k8s.io/klog/v2 v2.130.1 h1:n9Xl7H1Xvksem4KFG4PYbdQCQxqc/tTUyrgXaOhHSzk=
k8s.io/klog/v2 v2.130.1/go.mod h1:3Jpz1GvMt720eyJH1ckRHK1EDfpxISzJ7I9OYgaDtPE=
